
Microsoft Visual Studio Solution File, Format Version 12.00
# Visual Studio Version 16
VisualStudioVersion = 16.0.31702.278
MinimumVisualStudioVersion = 10.0.40219.1
Project("{9A19103F-16F7-4668-BE54-9A1E7A4F7556}") = "VivesBlog", "VivesBlog\VivesBlog.csproj", "{08F07C48-6869-4827-8D7B-CC6C77574599}"
EndProject
Global
	GlobalSection(SolutionConfigurationPlatforms) = preSolution
		Debug|Any CPU = Debug|Any CPU
		Release|Any CPU = Release|Any CPU
	EndGlobalSection
	GlobalSection(ProjectConfigurationPlatforms) = postSolution
		{08F07C48-6869-4827-8D7B-CC6C77574599}.Debug|Any CPU.ActiveCfg = Debug|Any CPU
		{08F07C48-6869-4827-8D7B-CC6C77574599}.Debug|Any CPU.Build.0 = Debug|Any CPU
		{08F07C48-6869-4827-8D7B-CC6C77574599}.Release|Any CPU.ActiveCfg = Release|Any CPU
		{08F07C48-6869-4827-8D7B-CC6C77574599}.Release|Any CPU.Build.0 = Release|Any CPU
	EndGlobalSection
	GlobalSection(SolutionProperties) = preSolution
		HideSolutionNode = FALSE
	EndGlobalSection
	GlobalSection(ExtensibilityGlobals) = postSolution
		SolutionGuid = {FCB6EEC1-1D5A-4824-90C2-7C01E5D1EEC9}
	EndGlobalSection
EndGlobal
